// !$*UTF8*$!
{
	archiveVersion = 1;
	classes = {
	};
	objectVersion = 46;
	objects = {

/* Begin PBXBuildFile section */
		84029F8AEC413AD53BFF66D1 /* Pods_DataOperationKitTests.framework in Frameworks */ = {isa = PBXBuildFile; fileRef = AEAC5024D176E79BBB92F84E /* Pods_DataOperationKitTests.framework */; };
		D00EA5211CD0C3DC00FCC6AD /* NetCacheDataRetrievalOperation.swift in Sources */ = {isa = PBXBuildFile; fileRef = D00EA51E1CD0C2FE00FCC6AD /* NetCacheDataRetrievalOperation.swift */; };
		D06F00E01D8AAF3D006D7C3C /* GroupDataRetrievalOperation.swift in Sources */ = {isa = PBXBuildFile; fileRef = D06F00DF1D8AAF3D006D7C3C /* GroupDataRetrievalOperation.swift */; };
		D06F00E21D8AAF4B006D7C3C /* GroupDataRetrievalOperationProtocol.swift in Sources */ = {isa = PBXBuildFile; fileRef = D06F00E11D8AAF4B006D7C3C /* GroupDataRetrievalOperationProtocol.swift */; };
		D0886AE31CCFDF9C000B10DD /* CurrentLocationOperation.swift in Sources */ = {isa = PBXBuildFile; fileRef = D0886AE01CCFDF9C000B10DD /* CurrentLocationOperation.swift */; };
		D0886AE51CCFDF9C000B10DD /* ImageNetworkOperation.swift in Sources */ = {isa = PBXBuildFile; fileRef = D0886AE21CCFDF9C000B10DD /* ImageNetworkOperation.swift */; };
		D0886AE91CCFE023000B10DD /* CachedNetworkOperationTests.swift in Sources */ = {isa = PBXBuildFile; fileRef = D0886AE61CCFE023000B10DD /* CachedNetworkOperationTests.swift */; };
		D0886AEA1CCFE023000B10DD /* CurrentLocationOperationTests.swift in Sources */ = {isa = PBXBuildFile; fileRef = D0886AE71CCFE023000B10DD /* CurrentLocationOperationTests.swift */; };
		D0886AEB1CCFE023000B10DD /* ImageNetworkOperationTests.swift in Sources */ = {isa = PBXBuildFile; fileRef = D0886AE81CCFE023000B10DD /* ImageNetworkOperationTests.swift */; };
		D0886AEC1CCFE2F3000B10DD /* CachedNetworkDataRetrievalOperation.swift in Sources */ = {isa = PBXBuildFile; fileRef = D0886AE11CCFDF9C000B10DD /* CachedNetworkDataRetrievalOperation.swift */; };
		D0A6C9111CCE895B001D1ACA /* DataOperationKit.h in Headers */ = {isa = PBXBuildFile; fileRef = D0A6C9101CCE895B001D1ACA /* DataOperationKit.h */; settings = {ATTRIBUTES = (Public, ); }; };
		D0A6C9181CCE895B001D1ACA /* DataOperationKit.framework in Frameworks */ = {isa = PBXBuildFile; fileRef = D0A6C90D1CCE895B001D1ACA /* DataOperationKit.framework */; };
		D0A6C91D1CCE895B001D1ACA /* DataOperationKitTests.swift in Sources */ = {isa = PBXBuildFile; fileRef = D0A6C91C1CCE895B001D1ACA /* DataOperationKitTests.swift */; };
		D0A6C9391CCE89B5001D1ACA /* CoreDataManager.swift in Sources */ = {isa = PBXBuildFile; fileRef = D0A6C9291CCE89B5001D1ACA /* CoreDataManager.swift */; };
		D0A6C93A1CCE89B5001D1ACA /* DataRetrievalOperationManager.swift in Sources */ = {isa = PBXBuildFile; fileRef = D0A6C92A1CCE89B5001D1ACA /* DataRetrievalOperationManager.swift */; };
		D0A6C93B1CCE89B5001D1ACA /* ObjectBuilder.swift in Sources */ = {isa = PBXBuildFile; fileRef = D0A6C92B1CCE89B5001D1ACA /* ObjectBuilder.swift */; };
		D0A6C93C1CCE89B5001D1ACA /* AccessKeyOperationProtocol.swift in Sources */ = {isa = PBXBuildFile; fileRef = D0A6C92D1CCE89B5001D1ACA /* AccessKeyOperationProtocol.swift */; };
		D0A6C93D1CCE89B5001D1ACA /* DataRetrievalOperationProtocol.swift in Sources */ = {isa = PBXBuildFile; fileRef = D0A6C92E1CCE89B5001D1ACA /* DataRetrievalOperationProtocol.swift */; };
		D0A6C93E1CCE89B5001D1ACA /* ManagedObjectRetrievalOperationProtocol.swift in Sources */ = {isa = PBXBuildFile; fileRef = D0A6C92F1CCE89B5001D1ACA /* ManagedObjectRetrievalOperationProtocol.swift */; };
		D0A6C93F1CCE89B5001D1ACA /* NetworkDataRetrievalOperationProtocol.swift in Sources */ = {isa = PBXBuildFile; fileRef = D0A6C9301CCE89B5001D1ACA /* NetworkDataRetrievalOperationProtocol.swift */; };
		D0A6C9401CCE89B5001D1ACA /* ObjectBuildeOperationProtocol.swift in Sources */ = {isa = PBXBuildFile; fileRef = D0A6C9311CCE89B5001D1ACA /* ObjectBuildeOperationProtocol.swift */; };
		D0A6C9411CCE89B5001D1ACA /* CoreDataRetrievalOperation.swift in Sources */ = {isa = PBXBuildFile; fileRef = D0A6C9331CCE89B5001D1ACA /* CoreDataRetrievalOperation.swift */; };
		D0A6C9421CCE89B5001D1ACA /* DataRetrievalOperation.swift in Sources */ = {isa = PBXBuildFile; fileRef = D0A6C9341CCE89B5001D1ACA /* DataRetrievalOperation.swift */; };
		D0A6C9431CCE89B5001D1ACA /* NetworkDataRetrievalOperation.swift in Sources */ = {isa = PBXBuildFile; fileRef = D0A6C9351CCE89B5001D1ACA /* NetworkDataRetrievalOperation.swift */; };
		D0A6C9441CCE89B5001D1ACA /* NSFileManager+Extensions.swift in Sources */ = {isa = PBXBuildFile; fileRef = D0A6C9371CCE89B5001D1ACA /* NSFileManager+Extensions.swift */; };
		D0A6C9451CCE89B5001D1ACA /* NSManagedObjectContext+Extensions.swift in Sources */ = {isa = PBXBuildFile; fileRef = D0A6C9381CCE89B5001D1ACA /* NSManagedObjectContext+Extensions.swift */; };
		D0A6C9501CCE89C7001D1ACA /* TestModel.xcdatamodeld in Sources */ = {isa = PBXBuildFile; fileRef = D0A6C9471CCE89C7001D1ACA /* TestModel.xcdatamodeld */; };
		D0A6C9511CCE89C7001D1ACA /* CoreDataManagerTests.swift in Sources */ = {isa = PBXBuildFile; fileRef = D0A6C94B1CCE89C7001D1ACA /* CoreDataManagerTests.swift */; };
		D0A6C9521CCE89C7001D1ACA /* DataRetrievalManagerTest.swift in Sources */ = {isa = PBXBuildFile; fileRef = D0A6C94C1CCE89C7001D1ACA /* DataRetrievalManagerTest.swift */; };
		D0A6C9531CCE89C7001D1ACA /* HTTPStubsNetworkOperationTests.swift in Sources */ = {isa = PBXBuildFile; fileRef = D0A6C94E1CCE89C7001D1ACA /* HTTPStubsNetworkOperationTests.swift */; };
		D0A6C9541CCE89C7001D1ACA /* NetwrokOperationTests.swift in Sources */ = {isa = PBXBuildFile; fileRef = D0A6C94F1CCE89C7001D1ACA /* NetwrokOperationTests.swift */; };
/* End PBXBuildFile section */

/* Begin PBXContainerItemProxy section */
		D0A6C9191CCE895B001D1ACA /* PBXContainerItemProxy */ = {
			isa = PBXContainerItemProxy;
			containerPortal = D0A6C9041CCE895B001D1ACA /* Project object */;
			proxyType = 1;
			remoteGlobalIDString = D0A6C90C1CCE895B001D1ACA;
			remoteInfo = DataOperationKit;
		};
/* End PBXContainerItemProxy section */

/* Begin PBXFileReference section */
		66BBCB7DE0F6B639522E795C /* Pods-DataOperationKitTests.debug.xcconfig */ = {isa = PBXFileReference; includeInIndex = 1; lastKnownFileType = text.xcconfig; name = "Pods-DataOperationKitTests.debug.xcconfig"; path = "Pods/Target Support Files/Pods-DataOperationKitTests/Pods-DataOperationKitTests.debug.xcconfig"; sourceTree = "<group>"; };
		93C6F5FD0FE00A7D407D4F6C /* Pods-DataOperationKitTests.release.xcconfig */ = {isa = PBXFileReference; includeInIndex = 1; lastKnownFileType = text.xcconfig; name = "Pods-DataOperationKitTests.release.xcconfig"; path = "Pods/Target Support Files/Pods-DataOperationKitTests/Pods-DataOperationKitTests.release.xcconfig"; sourceTree = "<group>"; };
		AEAC5024D176E79BBB92F84E /* Pods_DataOperationKitTests.framework */ = {isa = PBXFileReference; explicitFileType = wrapper.framework; includeInIndex = 0; path = Pods_DataOperationKitTests.framework; sourceTree = BUILT_PRODUCTS_DIR; };
		D00EA51E1CD0C2FE00FCC6AD /* NetCacheDataRetrievalOperation.swift */ = {isa = PBXFileReference; fileEncoding = 4; lastKnownFileType = sourcecode.swift; path = NetCacheDataRetrievalOperation.swift; sourceTree = "<group>"; };
		D06F00DF1D8AAF3D006D7C3C /* GroupDataRetrievalOperation.swift */ = {isa = PBXFileReference; fileEncoding = 4; lastKnownFileType = sourcecode.swift; path = GroupDataRetrievalOperation.swift; sourceTree = "<group>"; };
		D06F00E11D8AAF4B006D7C3C /* GroupDataRetrievalOperationProtocol.swift */ = {isa = PBXFileReference; fileEncoding = 4; lastKnownFileType = sourcecode.swift; path = GroupDataRetrievalOperationProtocol.swift; sourceTree = "<group>"; };
		D0886AE01CCFDF9C000B10DD /* CurrentLocationOperation.swift */ = {isa = PBXFileReference; fileEncoding = 4; lastKnownFileType = sourcecode.swift; path = CurrentLocationOperation.swift; sourceTree = "<group>"; };
		D0886AE11CCFDF9C000B10DD /* CachedNetworkDataRetrievalOperation.swift */ = {isa = PBXFileReference; fileEncoding = 4; lastKnownFileType = sourcecode.swift; path = CachedNetworkDataRetrievalOperation.swift; sourceTree = "<group>"; };
		D0886AE21CCFDF9C000B10DD /* ImageNetworkOperation.swift */ = {isa = PBXFileReference; fileEncoding = 4; lastKnownFileType = sourcecode.swift; path = ImageNetworkOperation.swift; sourceTree = "<group>"; };
		D0886AE61CCFE023000B10DD /* CachedNetworkOperationTests.swift */ = {isa = PBXFileReference; fileEncoding = 4; lastKnownFileType = sourcecode.swift; path = CachedNetworkOperationTests.swift; sourceTree = "<group>"; };
		D0886AE71CCFE023000B10DD /* CurrentLocationOperationTests.swift */ = {isa = PBXFileReference; fileEncoding = 4; lastKnownFileType = sourcecode.swift; path = CurrentLocationOperationTests.swift; sourceTree = "<group>"; };
		D0886AE81CCFE023000B10DD /* ImageNetworkOperationTests.swift */ = {isa = PBXFileReference; fileEncoding = 4; lastKnownFileType = sourcecode.swift; path = ImageNetworkOperationTests.swift; sourceTree = "<group>"; };
		D0A6C90D1CCE895B001D1ACA /* DataOperationKit.framework */ = {isa = PBXFileReference; explicitFileType = wrapper.framework; includeInIndex = 0; path = DataOperationKit.framework; sourceTree = BUILT_PRODUCTS_DIR; };
		D0A6C9101CCE895B001D1ACA /* DataOperationKit.h */ = {isa = PBXFileReference; lastKnownFileType = sourcecode.c.h; path = DataOperationKit.h; sourceTree = "<group>"; };
		D0A6C9121CCE895B001D1ACA /* Info.plist */ = {isa = PBXFileReference; lastKnownFileType = text.plist.xml; path = Info.plist; sourceTree = "<group>"; };
		D0A6C9171CCE895B001D1ACA /* DataOperationKitTests.xctest */ = {isa = PBXFileReference; explicitFileType = wrapper.cfbundle; includeInIndex = 0; path = DataOperationKitTests.xctest; sourceTree = BUILT_PRODUCTS_DIR; };
		D0A6C91C1CCE895B001D1ACA /* DataOperationKitTests.swift */ = {isa = PBXFileReference; lastKnownFileType = sourcecode.swift; path = DataOperationKitTests.swift; sourceTree = "<group>"; };
		D0A6C91E1CCE895B001D1ACA /* Info.plist */ = {isa = PBXFileReference; lastKnownFileType = text.plist.xml; path = Info.plist; sourceTree = "<group>"; };
		D0A6C9291CCE89B5001D1ACA /* CoreDataManager.swift */ = {isa = PBXFileReference; fileEncoding = 4; lastKnownFileType = sourcecode.swift; path = CoreDataManager.swift; sourceTree = "<group>"; };
		D0A6C92A1CCE89B5001D1ACA /* DataRetrievalOperationManager.swift */ = {isa = PBXFileReference; fileEncoding = 4; lastKnownFileType = sourcecode.swift; path = DataRetrievalOperationManager.swift; sourceTree = "<group>"; };
		D0A6C92B1CCE89B5001D1ACA /* ObjectBuilder.swift */ = {isa = PBXFileReference; fileEncoding = 4; lastKnownFileType = sourcecode.swift; path = ObjectBuilder.swift; sourceTree = "<group>"; };
		D0A6C92D1CCE89B5001D1ACA /* AccessKeyOperationProtocol.swift */ = {isa = PBXFileReference; fileEncoding = 4; lastKnownFileType = sourcecode.swift; path = AccessKeyOperationProtocol.swift; sourceTree = "<group>"; };
		D0A6C92E1CCE89B5001D1ACA /* DataRetrievalOperationProtocol.swift */ = {isa = PBXFileReference; fileEncoding = 4; lastKnownFileType = sourcecode.swift; path = DataRetrievalOperationProtocol.swift; sourceTree = "<group>"; };
		D0A6C92F1CCE89B5001D1ACA /* ManagedObjectRetrievalOperationProtocol.swift */ = {isa = PBXFileReference; fileEncoding = 4; lastKnownFileType = sourcecode.swift; path = ManagedObjectRetrievalOperationProtocol.swift; sourceTree = "<group>"; };
		D0A6C9301CCE89B5001D1ACA /* NetworkDataRetrievalOperationProtocol.swift */ = {isa = PBXFileReference; fileEncoding = 4; lastKnownFileType = sourcecode.swift; path = NetworkDataRetrievalOperationProtocol.swift; sourceTree = "<group>"; };
		D0A6C9311CCE89B5001D1ACA /* ObjectBuildeOperationProtocol.swift */ = {isa = PBXFileReference; fileEncoding = 4; lastKnownFileType = sourcecode.swift; path = ObjectBuildeOperationProtocol.swift; sourceTree = "<group>"; };
		D0A6C9331CCE89B5001D1ACA /* CoreDataRetrievalOperation.swift */ = {isa = PBXFileReference; fileEncoding = 4; lastKnownFileType = sourcecode.swift; path = CoreDataRetrievalOperation.swift; sourceTree = "<group>"; };
		D0A6C9341CCE89B5001D1ACA /* DataRetrievalOperation.swift */ = {isa = PBXFileReference; fileEncoding = 4; lastKnownFileType = sourcecode.swift; path = DataRetrievalOperation.swift; sourceTree = "<group>"; };
		D0A6C9351CCE89B5001D1ACA /* NetworkDataRetrievalOperation.swift */ = {isa = PBXFileReference; fileEncoding = 4; lastKnownFileType = sourcecode.swift; path = NetworkDataRetrievalOperation.swift; sourceTree = "<group>"; };
		D0A6C9371CCE89B5001D1ACA /* NSFileManager+Extensions.swift */ = {isa = PBXFileReference; fileEncoding = 4; lastKnownFileType = sourcecode.swift; path = "NSFileManager+Extensions.swift"; sourceTree = "<group>"; };
		D0A6C9381CCE89B5001D1ACA /* NSManagedObjectContext+Extensions.swift */ = {isa = PBXFileReference; fileEncoding = 4; lastKnownFileType = sourcecode.swift; path = "NSManagedObjectContext+Extensions.swift"; sourceTree = "<group>"; };
		D0A6C9481CCE89C7001D1ACA /* TestModel.xcdatamodel */ = {isa = PBXFileReference; lastKnownFileType = wrapper.xcdatamodel; path = TestModel.xcdatamodel; sourceTree = "<group>"; };
		D0A6C94B1CCE89C7001D1ACA /* CoreDataManagerTests.swift */ = {isa = PBXFileReference; fileEncoding = 4; lastKnownFileType = sourcecode.swift; path = CoreDataManagerTests.swift; sourceTree = "<group>"; };
		D0A6C94C1CCE89C7001D1ACA /* DataRetrievalManagerTest.swift */ = {isa = PBXFileReference; fileEncoding = 4; lastKnownFileType = sourcecode.swift; path = DataRetrievalManagerTest.swift; sourceTree = "<group>"; };
		D0A6C94E1CCE89C7001D1ACA /* HTTPStubsNetworkOperationTests.swift */ = {isa = PBXFileReference; fileEncoding = 4; lastKnownFileType = sourcecode.swift; path = HTTPStubsNetworkOperationTests.swift; sourceTree = "<group>"; };
		D0A6C94F1CCE89C7001D1ACA /* NetwrokOperationTests.swift */ = {isa = PBXFileReference; fileEncoding = 4; lastKnownFileType = sourcecode.swift; path = NetwrokOperationTests.swift; sourceTree = "<group>"; };
/* End PBXFileReference section */

/* Begin PBXFrameworksBuildPhase section */
		D0A6C9091CCE895B001D1ACA /* Frameworks */ = {
			isa = PBXFrameworksBuildPhase;
			buildActionMask = 2147483647;
			files = (
			);
			runOnlyForDeploymentPostprocessing = 0;
		};
		D0A6C9141CCE895B001D1ACA /* Frameworks */ = {
			isa = PBXFrameworksBuildPhase;
			buildActionMask = 2147483647;
			files = (
				D0A6C9181CCE895B001D1ACA /* DataOperationKit.framework in Frameworks */,
				84029F8AEC413AD53BFF66D1 /* Pods_DataOperationKitTests.framework in Frameworks */,
			);
			runOnlyForDeploymentPostprocessing = 0;
		};
/* End PBXFrameworksBuildPhase section */

/* Begin PBXGroup section */
		ACFABEAC20C0AED8BAB01E0E /* Frameworks */ = {
			isa = PBXGroup;
			children = (
				AEAC5024D176E79BBB92F84E /* Pods_DataOperationKitTests.framework */,
			);
			name = Frameworks;
			sourceTree = "<group>";
		};
		D0A6C9031CCE895B001D1ACA = {
			isa = PBXGroup;
			children = (
				D0A6C90F1CCE895B001D1ACA /* DataOperationKit */,
				D0A6C91B1CCE895B001D1ACA /* DataOperationKitTests */,
				D0A6C90E1CCE895B001D1ACA /* Products */,
				F0F6B090620E1D3F538BA5FA /* Pods */,
				ACFABEAC20C0AED8BAB01E0E /* Frameworks */,
			);
			sourceTree = "<group>";
		};
		D0A6C90E1CCE895B001D1ACA /* Products */ = {
			isa = PBXGroup;
			children = (
				D0A6C90D1CCE895B001D1ACA /* DataOperationKit.framework */,
				D0A6C9171CCE895B001D1ACA /* DataOperationKitTests.xctest */,
			);
			name = Products;
			sourceTree = "<group>";
		};
		D0A6C90F1CCE895B001D1ACA /* DataOperationKit */ = {
			isa = PBXGroup;
			children = (
				D0A6C9271CCE89B5001D1ACA /* Sources */,
				D0A6C9101CCE895B001D1ACA /* DataOperationKit.h */,
				D0A6C9121CCE895B001D1ACA /* Info.plist */,
			);
			path = DataOperationKit;
			sourceTree = "<group>";
		};
		D0A6C91B1CCE895B001D1ACA /* DataOperationKitTests */ = {
			isa = PBXGroup;
			children = (
				D0A6C9461CCE89C7001D1ACA /* Resoucres */,
				D0A6C9491CCE89C7001D1ACA /* Tests */,
				D0A6C91C1CCE895B001D1ACA /* DataOperationKitTests.swift */,
				D0A6C91E1CCE895B001D1ACA /* Info.plist */,
			);
			path = DataOperationKitTests;
			sourceTree = "<group>";
		};
		D0A6C9271CCE89B5001D1ACA /* Sources */ = {
			isa = PBXGroup;
			children = (
				D0A6C9281CCE89B5001D1ACA /* Controllers */,
				D0A6C92C1CCE89B5001D1ACA /* OperationProtocols */,
				D0A6C9321CCE89B5001D1ACA /* Operations */,
				D0A6C9361CCE89B5001D1ACA /* Support */,
			);
			path = Sources;
			sourceTree = "<group>";
		};
		D0A6C9281CCE89B5001D1ACA /* Controllers */ = {
			isa = PBXGroup;
			children = (
				D0A6C9291CCE89B5001D1ACA /* CoreDataManager.swift */,
				D0A6C92A1CCE89B5001D1ACA /* DataRetrievalOperationManager.swift */,
				D0A6C92B1CCE89B5001D1ACA /* ObjectBuilder.swift */,
			);
			path = Controllers;
			sourceTree = "<group>";
		};
		D0A6C92C1CCE89B5001D1ACA /* OperationProtocols */ = {
			isa = PBXGroup;
			children = (
				D06F00E11D8AAF4B006D7C3C /* GroupDataRetrievalOperationProtocol.swift */,
				D0A6C92D1CCE89B5001D1ACA /* AccessKeyOperationProtocol.swift */,
				D0A6C92E1CCE89B5001D1ACA /* DataRetrievalOperationProtocol.swift */,
				D0A6C92F1CCE89B5001D1ACA /* ManagedObjectRetrievalOperationProtocol.swift */,
				D0A6C9301CCE89B5001D1ACA /* NetworkDataRetrievalOperationProtocol.swift */,
				D0A6C9311CCE89B5001D1ACA /* ObjectBuildeOperationProtocol.swift */,
			);
			path = OperationProtocols;
			sourceTree = "<group>";
		};
		D0A6C9321CCE89B5001D1ACA /* Operations */ = {
			isa = PBXGroup;
			children = (
				D06F00DF1D8AAF3D006D7C3C /* GroupDataRetrievalOperation.swift */,
				D0886AE01CCFDF9C000B10DD /* CurrentLocationOperation.swift */,
				D0886AE11CCFDF9C000B10DD /* CachedNetworkDataRetrievalOperation.swift */,
				D0886AE21CCFDF9C000B10DD /* ImageNetworkOperation.swift */,
				D0A6C9331CCE89B5001D1ACA /* CoreDataRetrievalOperation.swift */,
				D0A6C9341CCE89B5001D1ACA /* DataRetrievalOperation.swift */,
				D0A6C9351CCE89B5001D1ACA /* NetworkDataRetrievalOperation.swift */,
				D00EA51E1CD0C2FE00FCC6AD /* NetCacheDataRetrievalOperation.swift */,
			);
			path = Operations;
			sourceTree = "<group>";
		};
		D0A6C9361CCE89B5001D1ACA /* Support */ = {
			isa = PBXGroup;
			children = (
				D0A6C9371CCE89B5001D1ACA /* NSFileManager+Extensions.swift */,
				D0A6C9381CCE89B5001D1ACA /* NSManagedObjectContext+Extensions.swift */,
			);
			path = Support;
			sourceTree = "<group>";
		};
		D0A6C9461CCE89C7001D1ACA /* Resoucres */ = {
			isa = PBXGroup;
			children = (
				D0A6C9471CCE89C7001D1ACA /* TestModel.xcdatamodeld */,
			);
			path = Resoucres;
			sourceTree = "<group>";
		};
		D0A6C9491CCE89C7001D1ACA /* Tests */ = {
			isa = PBXGroup;
			children = (
				D0A6C94A1CCE89C7001D1ACA /* ControllersTests */,
				D0A6C94D1CCE89C7001D1ACA /* OperationsTests */,
			);
			path = Tests;
			sourceTree = "<group>";
		};
		D0A6C94A1CCE89C7001D1ACA /* ControllersTests */ = {
			isa = PBXGroup;
			children = (
				D0A6C94B1CCE89C7001D1ACA /* CoreDataManagerTests.swift */,
				D0A6C94C1CCE89C7001D1ACA /* DataRetrievalManagerTest.swift */,
			);
			path = ControllersTests;
			sourceTree = "<group>";
		};
		D0A6C94D1CCE89C7001D1ACA /* OperationsTests */ = {
			isa = PBXGroup;
			children = (
				D0886AE61CCFE023000B10DD /* CachedNetworkOperationTests.swift */,
				D0886AE71CCFE023000B10DD /* CurrentLocationOperationTests.swift */,
				D0886AE81CCFE023000B10DD /* ImageNetworkOperationTests.swift */,
				D0A6C94E1CCE89C7001D1ACA /* HTTPStubsNetworkOperationTests.swift */,
				D0A6C94F1CCE89C7001D1ACA /* NetwrokOperationTests.swift */,
			);
			path = OperationsTests;
			sourceTree = "<group>";
		};
		F0F6B090620E1D3F538BA5FA /* Pods */ = {
			isa = PBXGroup;
			children = (
				66BBCB7DE0F6B639522E795C /* Pods-DataOperationKitTests.debug.xcconfig */,
				93C6F5FD0FE00A7D407D4F6C /* Pods-DataOperationKitTests.release.xcconfig */,
			);
			name = Pods;
			sourceTree = "<group>";
		};
/* End PBXGroup section */

/* Begin PBXHeadersBuildPhase section */
		D0A6C90A1CCE895B001D1ACA /* Headers */ = {
			isa = PBXHeadersBuildPhase;
			buildActionMask = 2147483647;
			files = (
				D0A6C9111CCE895B001D1ACA /* DataOperationKit.h in Headers */,
			);
			runOnlyForDeploymentPostprocessing = 0;
		};
/* End PBXHeadersBuildPhase section */

/* Begin PBXNativeTarget section */
		D0A6C90C1CCE895B001D1ACA /* DataOperationKit */ = {
			isa = PBXNativeTarget;
			buildConfigurationList = D0A6C9211CCE895B001D1ACA /* Build configuration list for PBXNativeTarget "DataOperationKit" */;
			buildPhases = (
				D0A6C9081CCE895B001D1ACA /* Sources */,
				D0A6C9091CCE895B001D1ACA /* Frameworks */,
				D0A6C90A1CCE895B001D1ACA /* Headers */,
				D0A6C90B1CCE895B001D1ACA /* Resources */,
			);
			buildRules = (
			);
			dependencies = (
			);
			name = DataOperationKit;
			productName = DataOperationKit;
			productReference = D0A6C90D1CCE895B001D1ACA /* DataOperationKit.framework */;
			productType = "com.apple.product-type.framework";
		};
		D0A6C9161CCE895B001D1ACA /* DataOperationKitTests */ = {
			isa = PBXNativeTarget;
			buildConfigurationList = D0A6C9241CCE895B001D1ACA /* Build configuration list for PBXNativeTarget "DataOperationKitTests" */;
			buildPhases = (
				7B90F3833C954D545DFFDCB7 /* Check Pods Manifest.lock */,
				D0A6C9131CCE895B001D1ACA /* Sources */,
				D0A6C9141CCE895B001D1ACA /* Frameworks */,
				D0A6C9151CCE895B001D1ACA /* Resources */,
				B0A2897E0D28BDA1FF671E7B /* Embed Pods Frameworks */,
				DDA6422C7FB60C49D1E89D31 /* Copy Pods Resources */,
			);
			buildRules = (
			);
			dependencies = (
				D0A6C91A1CCE895B001D1ACA /* PBXTargetDependency */,
			);
			name = DataOperationKitTests;
			productName = DataOperationKitTests;
			productReference = D0A6C9171CCE895B001D1ACA /* DataOperationKitTests.xctest */;
			productType = "com.apple.product-type.bundle.unit-test";
		};
/* End PBXNativeTarget section */

/* Begin PBXProject section */
		D0A6C9041CCE895B001D1ACA /* Project object */ = {
			isa = PBXProject;
			attributes = {
				LastSwiftUpdateCheck = 0730;
				LastUpgradeCheck = 0800;
				ORGANIZATIONNAME = "Mykhailo Vorontsov";
				TargetAttributes = {
					D0A6C90C1CCE895B001D1ACA = {
						CreatedOnToolsVersion = 7.3;
						LastSwiftMigration = 0800;
					};
					D0A6C9161CCE895B001D1ACA = {
						CreatedOnToolsVersion = 7.3;
						LastSwiftMigration = 0800;
					};
				};
			};
			buildConfigurationList = D0A6C9071CCE895B001D1ACA /* Build configuration list for PBXProject "DataOperationKit" */;
			compatibilityVersion = "Xcode 3.2";
			developmentRegion = English;
			hasScannedForEncodings = 0;
			knownRegions = (
				en,
			);
			mainGroup = D0A6C9031CCE895B001D1ACA;
			productRefGroup = D0A6C90E1CCE895B001D1ACA /* Products */;
			projectDirPath = "";
			projectRoot = "";
			targets = (
				D0A6C90C1CCE895B001D1ACA /* DataOperationKit */,
				D0A6C9161CCE895B001D1ACA /* DataOperationKitTests */,
			);
		};
/* End PBXProject section */

/* Begin PBXResourcesBuildPhase section */
		D0A6C90B1CCE895B001D1ACA /* Resources */ = {
			isa = PBXResourcesBuildPhase;
			buildActionMask = 2147483647;
			files = (
			);
			runOnlyForDeploymentPostprocessing = 0;
		};
		D0A6C9151CCE895B001D1ACA /* Resources */ = {
			isa = PBXResourcesBuildPhase;
			buildActionMask = 2147483647;
			files = (
			);
			runOnlyForDeploymentPostprocessing = 0;
		};
/* End PBXResourcesBuildPhase section */

/* Begin PBXShellScriptBuildPhase section */
		7B90F3833C954D545DFFDCB7 /* Check Pods Manifest.lock */ = {
			isa = PBXShellScriptBuildPhase;
			buildActionMask = 2147483647;
			files = (
			);
			inputPaths = (
			);
			name = "Check Pods Manifest.lock";
			outputPaths = (
			);
			runOnlyForDeploymentPostprocessing = 0;
			shellPath = /bin/sh;
			shellScript = "diff \"${PODS_ROOT}/../Podfile.lock\" \"${PODS_ROOT}/Manifest.lock\" > /dev/null\nif [[ $? != 0 ]] ; then\n    cat << EOM\nerror: The sandbox is not in sync with the Podfile.lock. Run 'pod install' or update your CocoaPods installation.\nEOM\n    exit 1\nfi\n";
			showEnvVarsInLog = 0;
		};
		B0A2897E0D28BDA1FF671E7B /* Embed Pods Frameworks */ = {
			isa = PBXShellScriptBuildPhase;
			buildActionMask = 2147483647;
			files = (
			);
			inputPaths = (
			);
			name = "Embed Pods Frameworks";
			outputPaths = (
			);
			runOnlyForDeploymentPostprocessing = 0;
			shellPath = /bin/sh;
			shellScript = "\"${SRCROOT}/Pods/Target Support Files/Pods-DataOperationKitTests/Pods-DataOperationKitTests-frameworks.sh\"\n";
			showEnvVarsInLog = 0;
		};
		DDA6422C7FB60C49D1E89D31 /* Copy Pods Resources */ = {
			isa = PBXShellScriptBuildPhase;
			buildActionMask = 2147483647;
			files = (
			);
			inputPaths = (
			);
			name = "Copy Pods Resources";
			outputPaths = (
			);
			runOnlyForDeploymentPostprocessing = 0;
			shellPath = /bin/sh;
			shellScript = "\"${SRCROOT}/Pods/Target Support Files/Pods-DataOperationKitTests/Pods-DataOperationKitTests-resources.sh\"\n";
			showEnvVarsInLog = 0;
		};
/* End PBXShellScriptBuildPhase section */

/* Begin PBXSourcesBuildPhase section */
		D0A6C9081CCE895B001D1ACA /* Sources */ = {
			isa = PBXSourcesBuildPhase;
			buildActionMask = 2147483647;
			files = (
				D0886AE31CCFDF9C000B10DD /* CurrentLocationOperation.swift in Sources */,
				D00EA5211CD0C3DC00FCC6AD /* NetCacheDataRetrievalOperation.swift in Sources */,
				D0A6C9441CCE89B5001D1ACA /* NSFileManager+Extensions.swift in Sources */,
				D06F00E21D8AAF4B006D7C3C /* GroupDataRetrievalOperationProtocol.swift in Sources */,
				D0A6C93A1CCE89B5001D1ACA /* DataRetrievalOperationManager.swift in Sources */,
				D0A6C93D1CCE89B5001D1ACA /* DataRetrievalOperationProtocol.swift in Sources */,
				D0886AE51CCFDF9C000B10DD /* ImageNetworkOperation.swift in Sources */,
				D06F00E01D8AAF3D006D7C3C /* GroupDataRetrievalOperation.swift in Sources */,
				D0A6C9421CCE89B5001D1ACA /* DataRetrievalOperation.swift in Sources */,
				D0A6C9451CCE89B5001D1ACA /* NSManagedObjectContext+Extensions.swift in Sources */,
				D0A6C9391CCE89B5001D1ACA /* CoreDataManager.swift in Sources */,
				D0A6C93C1CCE89B5001D1ACA /* AccessKeyOperationProtocol.swift in Sources */,
				D0A6C93F1CCE89B5001D1ACA /* NetworkDataRetrievalOperationProtocol.swift in Sources */,
				D0A6C9431CCE89B5001D1ACA /* NetworkDataRetrievalOperation.swift in Sources */,
				D0A6C9401CCE89B5001D1ACA /* ObjectBuildeOperationProtocol.swift in Sources */,
				D0A6C9411CCE89B5001D1ACA /* CoreDataRetrievalOperation.swift in Sources */,
				D0A6C93B1CCE89B5001D1ACA /* ObjectBuilder.swift in Sources */,
				D0A6C93E1CCE89B5001D1ACA /* ManagedObjectRetrievalOperationProtocol.swift in Sources */,
				D0886AEC1CCFE2F3000B10DD /* CachedNetworkDataRetrievalOperation.swift in Sources */,
			);
			runOnlyForDeploymentPostprocessing = 0;
		};
		D0A6C9131CCE895B001D1ACA /* Sources */ = {
			isa = PBXSourcesBuildPhase;
			buildActionMask = 2147483647;
			files = (
				D0886AEB1CCFE023000B10DD /* ImageNetworkOperationTests.swift in Sources */,
				D0A6C9541CCE89C7001D1ACA /* NetwrokOperationTests.swift in Sources */,
				D0886AE91CCFE023000B10DD /* CachedNetworkOperationTests.swift in Sources */,
				D0A6C9521CCE89C7001D1ACA /* DataRetrievalManagerTest.swift in Sources */,
				D0A6C91D1CCE895B001D1ACA /* DataOperationKitTests.swift in Sources */,
				D0A6C9531CCE89C7001D1ACA /* HTTPStubsNetworkOperationTests.swift in Sources */,
				D0A6C9511CCE89C7001D1ACA /* CoreDataManagerTests.swift in Sources */,
				D0886AEA1CCFE023000B10DD /* CurrentLocationOperationTests.swift in Sources */,
				D0A6C9501CCE89C7001D1ACA /* TestModel.xcdatamodeld in Sources */,
			);
			runOnlyForDeploymentPostprocessing = 0;
		};
/* End PBXSourcesBuildPhase section */

/* Begin PBXTargetDependency section */
		D0A6C91A1CCE895B001D1ACA /* PBXTargetDependency */ = {
			isa = PBXTargetDependency;
			target = D0A6C90C1CCE895B001D1ACA /* DataOperationKit */;
			targetProxy = D0A6C9191CCE895B001D1ACA /* PBXContainerItemProxy */;
		};
/* End PBXTargetDependency section */

/* Begin XCBuildConfiguration section */
		D0A6C91F1CCE895B001D1ACA /* Debug */ = {
			isa = XCBuildConfiguration;
			buildSettings = {
				ALWAYS_SEARCH_USER_PATHS = NO;
				CLANG_ANALYZER_NONNULL = YES;
				CLANG_CXX_LANGUAGE_STANDARD = "gnu++0x";
				CLANG_CXX_LIBRARY = "libc++";
				CLANG_ENABLE_MODULES = YES;
				CLANG_ENABLE_OBJC_ARC = YES;
				CLANG_WARN_BOOL_CONVERSION = YES;
				CLANG_WARN_CONSTANT_CONVERSION = YES;
				CLANG_WARN_DIRECT_OBJC_ISA_USAGE = YES_ERROR;
				CLANG_WARN_EMPTY_BODY = YES;
				CLANG_WARN_ENUM_CONVERSION = YES;
				CLANG_WARN_INFINITE_RECURSION = YES;
				CLANG_WARN_INT_CONVERSION = YES;
				CLANG_WARN_OBJC_ROOT_CLASS = YES_ERROR;
				CLANG_WARN_SUSPICIOUS_MOVE = YES;
				CLANG_WARN_UNREACHABLE_CODE = YES;
				CLANG_WARN__DUPLICATE_METHOD_MATCH = YES;
				"CODE_SIGN_IDENTITY[sdk=iphoneos*]" = "iPhone Developer";
				COPY_PHASE_STRIP = NO;
				CURRENT_PROJECT_VERSION = 1;
				DEBUG_INFORMATION_FORMAT = dwarf;
				ENABLE_STRICT_OBJC_MSGSEND = YES;
				ENABLE_TESTABILITY = YES;
				GCC_C_LANGUAGE_STANDARD = gnu99;
				GCC_DYNAMIC_NO_PIC = NO;
				GCC_NO_COMMON_BLOCKS = YES;
				GCC_OPTIMIZATION_LEVEL = 0;
				GCC_PREPROCESSOR_DEFINITIONS = (
					"DEBUG=1",
					"$(inherited)",
				);
				GCC_WARN_64_TO_32_BIT_CONVERSION = YES;
				GCC_WARN_ABOUT_RETURN_TYPE = YES_ERROR;
				GCC_WARN_UNDECLARED_SELECTOR = YES;
				GCC_WARN_UNINITIALIZED_AUTOS = YES_AGGRESSIVE;
				GCC_WARN_UNUSED_FUNCTION = YES;
				GCC_WARN_UNUSED_VARIABLE = YES;
				IPHONEOS_DEPLOYMENT_TARGET = 9.3;
				MTL_ENABLE_DEBUG_INFO = YES;
				ONLY_ACTIVE_ARCH = YES;
				SDKROOT = iphoneos;
				SWIFT_OPTIMIZATION_LEVEL = "-Onone";
				TARGETED_DEVICE_FAMILY = "1,2";
				VERSIONING_SYSTEM = "apple-generic";
				VERSION_INFO_PREFIX = "";
			};
			name = Debug;
		};
		D0A6C9201CCE895B001D1ACA /* Release */ = {
			isa = XCBuildConfiguration;
			buildSettings = {
				ALWAYS_SEARCH_USER_PATHS = NO;
				CLANG_ANALYZER_NONNULL = YES;
				CLANG_CXX_LANGUAGE_STANDARD = "gnu++0x";
				CLANG_CXX_LIBRARY = "libc++";
				CLANG_ENABLE_MODULES = YES;
				CLANG_ENABLE_OBJC_ARC = YES;
				CLANG_WARN_BOOL_CONVERSION = YES;
				CLANG_WARN_CONSTANT_CONVERSION = YES;
				CLANG_WARN_DIRECT_OBJC_ISA_USAGE = YES_ERROR;
				CLANG_WARN_EMPTY_BODY = YES;
				CLANG_WARN_ENUM_CONVERSION = YES;
				CLANG_WARN_INFINITE_RECURSION = YES;
				CLANG_WARN_INT_CONVERSION = YES;
				CLANG_WARN_OBJC_ROOT_CLASS = YES_ERROR;
				CLANG_WARN_SUSPICIOUS_MOVE = YES;
				CLANG_WARN_UNREACHABLE_CODE = YES;
				CLANG_WARN__DUPLICATE_METHOD_MATCH = YES;
				"CODE_SIGN_IDENTITY[sdk=iphoneos*]" = "iPhone Developer";
				COPY_PHASE_STRIP = NO;
				CURRENT_PROJECT_VERSION = 1;
				DEBUG_INFORMATION_FORMAT = "dwarf-with-dsym";
				ENABLE_NS_ASSERTIONS = NO;
				ENABLE_STRICT_OBJC_MSGSEND = YES;
				GCC_C_LANGUAGE_STANDARD = gnu99;
				GCC_NO_COMMON_BLOCKS = YES;
				GCC_WARN_64_TO_32_BIT_CONVERSION = YES;
				GCC_WARN_ABOUT_RETURN_TYPE = YES_ERROR;
				GCC_WARN_UNDECLARED_SELECTOR = YES;
				GCC_WARN_UNINITIALIZED_AUTOS = YES_AGGRESSIVE;
				GCC_WARN_UNUSED_FUNCTION = YES;
				GCC_WARN_UNUSED_VARIABLE = YES;
				IPHONEOS_DEPLOYMENT_TARGET = 9.3;
				MTL_ENABLE_DEBUG_INFO = NO;
				SDKROOT = iphoneos;
				SWIFT_OPTIMIZATION_LEVEL = "-Owholemodule";
				TARGETED_DEVICE_FAMILY = "1,2";
				VALIDATE_PRODUCT = YES;
				VERSIONING_SYSTEM = "apple-generic";
				VERSION_INFO_PREFIX = "";
			};
			name = Release;
		};
		D0A6C9221CCE895B001D1ACA /* Debug */ = {
			isa = XCBuildConfiguration;
			buildSettings = {
				"CODE_SIGN_IDENTITY[sdk=iphoneos*]" = "";
				DEFINES_MODULE = YES;
				DYLIB_COMPATIBILITY_VERSION = 1;
				DYLIB_CURRENT_VERSION = 1;
				DYLIB_INSTALL_NAME_BASE = "@rpath";
				INFOPLIST_FILE = DataOperationKit/Info.plist;
				INSTALL_PATH = "$(LOCAL_LIBRARY_DIR)/Frameworks";
				LD_RUNPATH_SEARCH_PATHS = "$(inherited) @executable_path/Frameworks @loader_path/Frameworks";
				PRODUCT_BUNDLE_IDENTIFIER = org.michel.DataOperationKit;
				PRODUCT_NAME = "$(TARGET_NAME)";
				SKIP_INSTALL = YES;
				SWIFT_VERSION = 2.3;
			};
			name = Debug;
		};
		D0A6C9231CCE895B001D1ACA /* Release */ = {
			isa = XCBuildConfiguration;
			buildSettings = {
				"CODE_SIGN_IDENTITY[sdk=iphoneos*]" = "";
				DEFINES_MODULE = YES;
				DYLIB_COMPATIBILITY_VERSION = 1;
				DYLIB_CURRENT_VERSION = 1;
				DYLIB_INSTALL_NAME_BASE = "@rpath";
				INFOPLIST_FILE = DataOperationKit/Info.plist;
				INSTALL_PATH = "$(LOCAL_LIBRARY_DIR)/Frameworks";
				LD_RUNPATH_SEARCH_PATHS = "$(inherited) @executable_path/Frameworks @loader_path/Frameworks";
				PRODUCT_BUNDLE_IDENTIFIER = org.michel.DataOperationKit;
				PRODUCT_NAME = "$(TARGET_NAME)";
				SKIP_INSTALL = YES;
				SWIFT_VERSION = 2.3;
			};
			name = Release;
		};
		D0A6C9251CCE895B001D1ACA /* Debug */ = {
			isa = XCBuildConfiguration;
			baseConfigurationReference = 66BBCB7DE0F6B639522E795C /* Pods-DataOperationKitTests.debug.xcconfig */;
			buildSettings = {
				ALWAYS_EMBED_SWIFT_STANDARD_LIBRARIES = YES;
				INFOPLIST_FILE = DataOperationKitTests/Info.plist;
				LD_RUNPATH_SEARCH_PATHS = "$(inherited) @executable_path/Frameworks @loader_path/Frameworks";
				PRODUCT_BUNDLE_IDENTIFIER = com.ebaytest.DataOperationKitTests;
				PRODUCT_NAME = "$(TARGET_NAME)";
				SWIFT_VERSION = 2.3;
			};
			name = Debug;
		};
		D0A6C9261CCE895B001D1ACA /* Release */ = {
			isa = XCBuildConfiguration;
			baseConfigurationReference = 93C6F5FD0FE00A7D407D4F6C /* Pods-DataOperationKitTests.release.xcconfig */;
			buildSettings = {
				ALWAYS_EMBED_SWIFT_STANDARD_LIBRARIES = YES;
				INFOPLIST_FILE = DataOperationKitTests/Info.plist;
				LD_RUNPATH_SEARCH_PATHS = "$(inherited) @executable_path/Frameworks @loader_path/Frameworks";
				PRODUCT_BUNDLE_IDENTIFIER = com.ebaytest.DataOperationKitTests;
				PRODUCT_NAME = "$(TARGET_NAME)";
				SWIFT_VERSION = 2.3;
			};
			name = Release;
		};
/* End XCBuildConfiguration section */

/* Begin XCConfigurationList section */
		D0A6C9071CCE895B001D1ACA /* Build configuration list for PBXProject "DataOperationKit" */ = {
			isa = XCConfigurationList;
			buildConfigurations = (
				D0A6C91F1CCE895B001D1ACA /* Debug */,
				D0A6C9201CCE895B001D1ACA /* Release */,
			);
			defaultConfigurationIsVisible = 0;
			defaultConfigurationName = Release;
		};
		D0A6C9211CCE895B001D1ACA /* Build configuration list for PBXNativeTarget "DataOperationKit" */ = {
			isa = XCConfigurationList;
			buildConfigurations = (
				D0A6C9221CCE895B001D1ACA /* Debug */,
				D0A6C9231CCE895B001D1ACA /* Release */,
			);
			defaultConfigurationIsVisible = 0;
			defaultConfigurationName = Release;
		};
		D0A6C9241CCE895B001D1ACA /* Build configuration list for PBXNativeTarget "DataOperationKitTests" */ = {
			isa = XCConfigurationList;
			buildConfigurations = (
				D0A6C9251CCE895B001D1ACA /* Debug */,
				D0A6C9261CCE895B001D1ACA /* Release */,
			);
			defaultConfigurationIsVisible = 0;
			defaultConfigurationName = Release;
		};
/* End XCConfigurationList section */

/* Begin XCVersionGroup section */
		D0A6C9471CCE89C7001D1ACA /* TestModel.xcdatamodeld */ = {
			isa = XCVersionGroup;
			children = (
				D0A6C9481CCE89C7001D1ACA /* TestModel.xcdatamodel */,
			);
			currentVersion = D0A6C9481CCE89C7001D1ACA /* TestModel.xcdatamodel */;
			path = TestModel.xcdatamodeld;
			sourceTree = "<group>";
			versionGroupType = wrapper.xcdatamodel;
		};
/* End XCVersionGroup section */
	};
	rootObject = D0A6C9041CCE895B001D1ACA /* Project object */;
}
